
Microsoft Visual Studio Solution File, Format Version 11.00
# Visual Studio 2010
Project("{FAE04EC0-301F-11D3-BF4B-00C04F79EFBC}") = "ActivityLibrary", "ActivityLibrary\ActivityLibrary.csproj", "{7DB6B270-9E3D-4105-84AF-66F9B7189403}"
EndProject
Project("{FAE04EC0-301F-11D3-BF4B-00C04F79EFBC}") = "RestService", "RestService\RestService.csproj", "{E6DE9956-B30E-4F7D-ACB2-F74AC96DA815}"
EndProject
Project("{FAE04EC0-301F-11D3-BF4B-00C04F79EFBC}") = "ConsoleHost", "ConsoleHost\ConsoleHost.csproj", "{10201711-A6B8-4886-AB90-C06E45E3C411}"
EndProject
Project("{FAE04EC0-301F-11D3-BF4B-00C04F79EFBC}") = "PersistentConsoleHost", "PersistentConsoleHost\PersistentConsoleHost.csproj", "{0940AD33-674F-4D88-9330-BD4477B96108}"
EndProject
Global
	GlobalSection(SolutionConfigurationPlatforms) = preSolution
		Debug|Any CPU = Debug|Any CPU
		Debug|Mixed Platforms = Debug|Mixed Platforms
		Debug|x86 = Debug|x86
		Release|Any CPU = Release|Any CPU
		Release|Mixed Platforms = Release|Mixed Platforms
		Release|x86 = Release|x86
	EndGlobalSection
	GlobalSection(ProjectConfigurationPlatforms) = postSolution
		{7DB6B270-9E3D-4105-84AF-66F9B7189403}.Debug|Any CPU.ActiveCfg = Debug|Any CPU
		{7DB6B270-9E3D-4105-84AF-66F9B7189403}.Debug|Any CPU.Build.0 = Debug|Any CPU
		{7DB6B270-9E3D-4105-84AF-66F9B7189403}.Debug|Mixed Platforms.ActiveCfg = Debug|Any CPU
		{7DB6B270-9E3D-4105-84AF-66F9B7189403}.Debug|Mixed Platforms.Build.0 = Debug|Any CPU
		{7DB6B270-9E3D-4105-84AF-66F9B7189403}.Debug|x86.ActiveCfg = Debug|Any CPU
		{7DB6B270-9E3D-4105-84AF-66F9B7189403}.Release|Any CPU.ActiveCfg = Release|Any CPU
		{7DB6B270-9E3D-4105-84AF-66F9B7189403}.Release|Any CPU.Build.0 = Release|Any CPU
		{7DB6B270-9E3D-4105-84AF-66F9B7189403}.Release|Mixed Platforms.ActiveCfg = Release|Any CPU
		{7DB6B270-9E3D-4105-84AF-66F9B7189403}.Release|Mixed Platforms.Build.0 = Release|Any CPU
		{7DB6B270-9E3D-4105-84AF-66F9B7189403}.Release|x86.ActiveCfg = Release|Any CPU
		{E6DE9956-B30E-4F7D-ACB2-F74AC96DA815}.Debug|Any CPU.ActiveCfg = Debug|Any CPU
		{E6DE9956-B30E-4F7D-ACB2-F74AC96DA815}.Debug|Any CPU.Build.0 = Debug|Any CPU
		{E6DE9956-B30E-4F7D-ACB2-F74AC96DA815}.Debug|Mixed Platforms.ActiveCfg = Debug|Any CPU
		{E6DE9956-B30E-4F7D-ACB2-F74AC96DA815}.Debug|Mixed Platforms.Build.0 = Debug|Any CPU
		{E6DE9956-B30E-4F7D-ACB2-F74AC96DA815}.Debug|x86.ActiveCfg = Debug|Any CPU
		{E6DE9956-B30E-4F7D-ACB2-F74AC96DA815}.Release|Any CPU.ActiveCfg = Release|Any CPU
		{E6DE9956-B30E-4F7D-ACB2-F74AC96DA815}.Release|Any CPU.Build.0 = Release|Any CPU
		{E6DE9956-B30E-4F7D-ACB2-F74AC96DA815}.Release|Mixed Platforms.ActiveCfg = Release|Any CPU
		{E6DE9956-B30E-4F7D-ACB2-F74AC96DA815}.Release|Mixed Platforms.Build.0 = Release|Any CPU
		{E6DE9956-B30E-4F7D-ACB2-F74AC96DA815}.Release|x86.ActiveCfg = Release|Any CPU
		{10201711-A6B8-4886-AB90-C06E45E3C411}.Debug|Any CPU.ActiveCfg = Debug|x86
		{10201711-A6B8-4886-AB90-C06E45E3C411}.Debug|Mixed Platforms.ActiveCfg = Debug|x86
		{10201711-A6B8-4886-AB90-C06E45E3C411}.Debug|Mixed Platforms.Build.0 = Debug|x86
		{10201711-A6B8-4886-AB90-C06E45E3C411}.Debug|x86.ActiveCfg = Debug|x86
		{10201711-A6B8-4886-AB90-C06E45E3C411}.Debug|x86.Build.0 = Debug|x86
		{10201711-A6B8-4886-AB90-C06E45E3C411}.Release|Any CPU.ActiveCfg = Release|x86
		{10201711-A6B8-4886-AB90-C06E45E3C411}.Release|Mixed Platforms.ActiveCfg = Release|x86
		{10201711-A6B8-4886-AB90-C06E45E3C411}.Release|Mixed Platforms.Build.0 = Release|x86
		{10201711-A6B8-4886-AB90-C06E45E3C411}.Release|x86.ActiveCfg = Release|x86
		{10201711-A6B8-4886-AB90-C06E45E3C411}.Release|x86.Build.0 = Release|x86
		{0940AD33-674F-4D88-9330-BD4477B96108}.Debug|Any CPU.ActiveCfg = Debug|x86
		{0940AD33-674F-4D88-9330-BD4477B96108}.Debug|Mixed Platforms.ActiveCfg = Debug|x86
		{0940AD33-674F-4D88-9330-BD4477B96108}.Debug|Mixed Platforms.Build.0 = Debug|x86
		{0940AD33-674F-4D88-9330-BD4477B96108}.Debug|x86.ActiveCfg = Debug|x86
		{0940AD33-674F-4D88-9330-BD4477B96108}.Debug|x86.Build.0 = Debug|x86
		{0940AD33-674F-4D88-9330-BD4477B96108}.Release|Any CPU.ActiveCfg = Release|x86
		{0940AD33-674F-4D88-9330-BD4477B96108}.Release|Mixed Platforms.ActiveCfg = Release|x86
		{0940AD33-674F-4D88-9330-BD4477B96108}.Release|Mixed Platforms.Build.0 = Release|x86
		{0940AD33-674F-4D88-9330-BD4477B96108}.Release|x86.ActiveCfg = Release|x86
		{0940AD33-674F-4D88-9330-BD4477B96108}.Release|x86.Build.0 = Release|x86
	EndGlobalSection
	GlobalSection(SolutionProperties) = preSolution
		HideSolutionNode = FALSE
	EndGlobalSection
EndGlobal
